
Microsoft Visual Studio Solution File, Format Version 12.00
# Visual Studio Version 16
VisualStudioVersion = 16.0.30114.105
MinimumVisualStudioVersion = 10.0.40219.1
Project("{FAE04EC0-301F-11D3-BF4B-00C04F79EFBC}") = "PromotionEngine.Services", "PromotionEngine.Services\PromotionEngine.Services.csproj", "{EC90FCB9-4C46-4AC9-804E-9AE0F3965127}"
EndProject
Project("{FAE04EC0-301F-11D3-BF4B-00C04F79EFBC}") = "PromotionEngine.Console", "PromotionEngine.Console\PromotionEngine.Console.csproj", "{D85D7C8B-52E7-4917-AE1C-EE47CA389843}"
EndProject
Project("{FAE04EC0-301F-11D3-BF4B-00C04F79EFBC}") = "PromotionEngine.Tests", "PromotionEngine.Tests\PromotionEngine.Tests.csproj", "{CE08CCF8-7F24-40F1-8CC7-85CEA867588E}"
EndProject
Project("{FAE04EC0-301F-11D3-BF4B-00C04F79EFBC}") = "PromotionEngine.Domain", "PromotionEngine.Domain\PromotionEngine.Domain.csproj", "{08005EE1-7BC1-4B97-9DEB-F7259C640EDC}"
EndProject
Global
	GlobalSection(SolutionConfigurationPlatforms) = preSolution
		Debug|Any CPU = Debug|Any CPU
		Debug|x64 = Debug|x64
		Debug|x86 = Debug|x86
		Release|Any CPU = Release|Any CPU
		Release|x64 = Release|x64
		Release|x86 = Release|x86
	EndGlobalSection
	GlobalSection(SolutionProperties) = preSolution
		HideSolutionNode = FALSE
	EndGlobalSection
	GlobalSection(ProjectConfigurationPlatforms) = postSolution
		{EC90FCB9-4C46-4AC9-804E-9AE0F3965127}.Debug|Any CPU.ActiveCfg = Debug|Any CPU
		{EC90FCB9-4C46-4AC9-804E-9AE0F3965127}.Debug|Any CPU.Build.0 = Debug|Any CPU
		{EC90FCB9-4C46-4AC9-804E-9AE0F3965127}.Debug|x64.ActiveCfg = Debug|Any CPU
		{EC90FCB9-4C46-4AC9-804E-9AE0F3965127}.Debug|x64.Build.0 = Debug|Any CPU
		{EC90FCB9-4C46-4AC9-804E-9AE0F3965127}.Debug|x86.ActiveCfg = Debug|Any CPU
		{EC90FCB9-4C46-4AC9-804E-9AE0F3965127}.Debug|x86.Build.0 = Debug|Any CPU
		{EC90FCB9-4C46-4AC9-804E-9AE0F3965127}.Release|Any CPU.ActiveCfg = Release|Any CPU
		{EC90FCB9-4C46-4AC9-804E-9AE0F3965127}.Release|Any CPU.Build.0 = Release|Any CPU
		{EC90FCB9-4C46-4AC9-804E-9AE0F3965127}.Release|x64.ActiveCfg = Release|Any CPU
		{EC90FCB9-4C46-4AC9-804E-9AE0F3965127}.Release|x64.Build.0 = Release|Any CPU
		{EC90FCB9-4C46-4AC9-804E-9AE0F3965127}.Release|x86.ActiveCfg = Release|Any CPU
		{EC90FCB9-4C46-4AC9-804E-9AE0F3965127}.Release|x86.Build.0 = Release|Any CPU
		{D85D7C8B-52E7-4917-AE1C-EE47CA389843}.Debug|Any CPU.ActiveCfg = Debug|Any CPU
		{D85D7C8B-52E7-4917-AE1C-EE47CA389843}.Debug|Any CPU.Build.0 = Debug|Any CPU
		{D85D7C8B-52E7-4917-AE1C-EE47CA389843}.Debug|x64.ActiveCfg = Debug|Any CPU
		{D85D7C8B-52E7-4917-AE1C-EE47CA389843}.Debug|x64.Build.0 = Debug|Any CPU
		{D85D7C8B-52E7-4917-AE1C-EE47CA389843}.Debug|x86.ActiveCfg = Debug|Any CPU
		{D85D7C8B-52E7-4917-AE1C-EE47CA389843}.Debug|x86.Build.0 = Debug|Any CPU
		{D85D7C8B-52E7-4917-AE1C-EE47CA389843}.Release|Any CPU.ActiveCfg = Release|Any CPU
		{D85D7C8B-52E7-4917-AE1C-EE47CA389843}.Release|Any CPU.Build.0 = Release|Any CPU
		{D85D7C8B-52E7-4917-AE1C-EE47CA389843}.Release|x64.ActiveCfg = Release|Any CPU
		{D85D7C8B-52E7-4917-AE1C-EE47CA389843}.Release|x64.Build.0 = Release|Any CPU
		{D85D7C8B-52E7-4917-AE1C-EE47CA389843}.Release|x86.ActiveCfg = Release|Any CPU
		{D85D7C8B-52E7-4917-AE1C-EE47CA389843}.Release|x86.Build.0 = Release|Any CPU
		{CE08CCF8-7F24-40F1-8CC7-85CEA867588E}.Debug|Any CPU.ActiveCfg = Debug|Any CPU
		{CE08CCF8-7F24-40F1-8CC7-85CEA867588E}.Debug|Any CPU.Build.0 = Debug|Any CPU
		{CE08CCF8-7F24-40F1-8CC7-85CEA867588E}.Debug|x64.ActiveCfg = Debug|Any CPU
		{CE08CCF8-7F24-40F1-8CC7-85CEA867588E}.Debug|x64.Build.0 = Debug|Any CPU
		{CE08CCF8-7F24-40F1-8CC7-85CEA867588E}.Debug|x86.ActiveCfg = Debug|Any CPU
		{CE08CCF8-7F24-40F1-8CC7-85CEA867588E}.Debug|x86.Build.0 = Debug|Any CPU
		{CE08CCF8-7F24-40F1-8CC7-85CEA867588E}.Release|Any CPU.ActiveCfg = Release|Any CPU
		{CE08CCF8-7F24-40F1-8CC7-85CEA867588E}.Release|Any CPU.Build.0 = Release|Any CPU
		{CE08CCF8-7F24-40F1-8CC7-85CEA867588E}.Release|x64.ActiveCfg = Release|Any CPU
		{CE08CCF8-7F24-40F1-8CC7-85CEA867588E}.Release|x64.Build.0 = Release|Any CPU
		{CE08CCF8-7F24-40F1-8CC7-85CEA867588E}.Release|x86.ActiveCfg = Release|Any CPU
		{CE08CCF8-7F24-40F1-8CC7-85CEA867588E}.Release|x86.Build.0 = Release|Any CPU
		{08005EE1-7BC1-4B97-9DEB-F7259C640EDC}.Debug|Any CPU.ActiveCfg = Debug|Any CPU
		{08005EE1-7BC1-4B97-9DEB-F7259C640EDC}.Debug|Any CPU.Build.0 = Debug|Any CPU
		{08005EE1-7BC1-4B97-9DEB-F7259C640EDC}.Debug|x64.ActiveCfg = Debug|Any CPU
		{08005EE1-7BC1-4B97-9DEB-F7259C640EDC}.Debug|x64.Build.0 = Debug|Any CPU
		{08005EE1-7BC1-4B97-9DEB-F7259C640EDC}.Debug|x86.ActiveCfg = Debug|Any CPU
		{08005EE1-7BC1-4B97-9DEB-F7259C640EDC}.Debug|x86.Build.0 = Debug|Any CPU
		{08005EE1-7BC1-4B97-9DEB-F7259C640EDC}.Release|Any CPU.ActiveCfg = Release|Any CPU
		{08005EE1-7BC1-4B97-9DEB-F7259C640EDC}.Release|Any CPU.Build.0 = Release|Any CPU
		{08005EE1-7BC1-4B97-9DEB-F7259C640EDC}.Release|x64.ActiveCfg = Release|Any CPU
		{08005EE1-7BC1-4B97-9DEB-F7259C640EDC}.Release|x64.Build.0 = Release|Any CPU
		{08005EE1-7BC1-4B97-9DEB-F7259C640EDC}.Release|x86.ActiveCfg = Release|Any CPU
		{08005EE1-7BC1-4B97-9DEB-F7259C640EDC}.Release|x86.Build.0 = Release|Any CPU
	EndGlobalSection
EndGlobal
